Microsoft Visual Studio Solution File, Format Version 12.00
# Visual Studio Version 17
VisualStudioVersion = 17.5.2.0
MinimumVisualStudioVersion = 10.0.40219.1
Project("{FAE04EC0-301F-11D3-BF4B-00C04F79EFBC}") = "MyDashboardApi", "MyDashboardApi.csproj", "{EF2C57FA-B754-2CBD-769D-4E7AD022066C}"
EndProject
Global
	GlobalSection(SolutionConfigurationPlatforms) = preSolution
		Debug|Any CPU = Debug|Any CPU
		Release|Any CPU = Release|Any CPU
	EndGlobalSection
	GlobalSection(ProjectConfigurationPlatforms) = postSolution
		{EF2C57FA-B754-2CBD-769D-4E7AD022066C}.Debug|Any CPU.ActiveCfg = Debug|Any CPU
		{EF2C57FA-B754-2CBD-769D-4E7AD022066C}.Debug|Any CPU.Build.0 = Debug|Any CPU
		{EF2C57FA-B754-2CBD-769D-4E7AD022066C}.Release|Any CPU.ActiveCfg = Release|Any CPU
		{EF2C57FA-B754-2CBD-769D-4E7AD022066C}.Release|Any CPU.Build.0 = Release|Any CPU
	EndGlobalSection
	GlobalSection(SolutionProperties) = preSolution
		HideSolutionNode = FALSE
	EndGlobalSection
	GlobalSection(ExtensibilityGlobals) = postSolution
		SolutionGuid = {CC5369E2-EA28-4A67-9684-520D0AA43BDA}
	EndGlobalSection
EndGlobal
